
Microsoft Visual Studio Solution File, Format Version 12.00
# Visual Studio Version 16
VisualStudioVersion = 16.0.30907.101
MinimumVisualStudioVersion = 10.0.40219.1
Project("{8BC9CEB8-8B4A-11D0-8D11-00A0C91BC942}") = "BankersAlgorithm", "BankersAlgorithm.vcxproj", "{EB93C9B8-3B43-41E3-9015-1D0816032601}"
EndProject
Global
	GlobalSection(SolutionConfigurationPlatforms) = preSolution
		Debug|x64 = Debug|x64
		Debug|x86 = Debug|x86
		Release|x64 = Release|x64
		Release|x86 = Release|x86
	EndGlobalSection
	GlobalSection(ProjectConfigurationPlatforms) = postSolution
		{EB93C9B8-3B43-41E3-9015-1D0816032601}.Debug|x64.ActiveCfg = Debug|x64
		{EB93C9B8-3B43-41E3-9015-1D0816032601}.Debug|x64.Build.0 = Debug|x64
		{EB93C9B8-3B43-41E3-9015-1D0816032601}.Debug|x86.ActiveCfg = Debug|Win32
		{EB93C9B8-3B43-41E3-9015-1D0816032601}.Debug|x86.Build.0 = Debug|Win32
		{EB93C9B8-3B43-41E3-9015-1D0816032601}.Release|x64.ActiveCfg = Release|x64
		{EB93C9B8-3B43-41E3-9015-1D0816032601}.Release|x64.Build.0 = Release|x64
		{EB93C9B8-3B43-41E3-9015-1D0816032601}.Release|x86.ActiveCfg = Release|Win32
		{EB93C9B8-3B43-41E3-9015-1D0816032601}.Release|x86.Build.0 = Release|Win32
	EndGlobalSection
	GlobalSection(SolutionProperties) = preSolution
		HideSolutionNode = FALSE
	EndGlobalSection
	GlobalSection(ExtensibilityGlobals) = postSolution
		SolutionGuid = {D878F4BB-4C70-42A2-B82D-2DEC2E861D7D}
	EndGlobalSection
EndGlobal
